// !$*UTF8*$!
{
	archiveVersion = 1;
	classes = {
	};
	objectVersion = 46;
	objects = {

/* Begin PBXBuildFile section */
		0D086BFA1DEFD55700FA3B49 /* SignUpPageViewController.m in Sources */ = {isa = PBXBuildFile; fileRef = 0D086BF91DEFD55700FA3B49 /* SignUpPageViewController.m */; };
		0D2761051DEEEECD009B92A8 /* LoginPageViewController.m in Sources */ = {isa = PBXBuildFile; fileRef = 0D2761041DEEEECD009B92A8 /* LoginPageViewController.m */; };
		0D44CAB91DF2AE560038A26E /* UserInfoValidationCheck.m in Sources */ = {isa = PBXBuildFile; fileRef = 0D44CAB81DF2AE560038A26E /* UserInfoValidationCheck.m */; };
		0D44CAE51DF2BDA90038A26E /* ValidationSubView.m in Sources */ = {isa = PBXBuildFile; fileRef = 0D44CAE31DF2BDA90038A26E /* ValidationSubView.m */; };
		0D44CAE61DF2BDA90038A26E /* ValidationSubView.xib in Resources */ = {isa = PBXBuildFile; fileRef = 0D44CAE41DF2BDA90038A26E /* ValidationSubView.xib */; };
		0D4B676C1DF50C6A001BD436 /* Alarm.storyboard in Resources */ = {isa = PBXBuildFile; fileRef = 0D4B676B1DF50C6A001BD436 /* Alarm.storyboard */; };
		0D4F1A411DEE8B43002B7296 /* Home.storyboard in Resources */ = {isa = PBXBuildFile; fileRef = 0D4F1A401DEE8B43002B7296 /* Home.storyboard */; };
		0D4F1A451DEE911D002B7296 /* UserInfomation.m in Sources */ = {isa = PBXBuildFile; fileRef = 0D4F1A441DEE911D002B7296 /* UserInfomation.m */; };
		0D4F1A481DEEA770002B7296 /* Login.storyboard in Resources */ = {isa = PBXBuildFile; fileRef = 0D4F1A471DEEA770002B7296 /* Login.storyboard */; };
		0D7E019A1DEBEBB200B3C720 /* HomeViewController.m in Sources */ = {isa = PBXBuildFile; fileRef = 0D7E01991DEBEBB200B3C720 /* HomeViewController.m */; };
		0D7E019D1DEBFB5E00B3C720 /* HomeTableViewCell.m in Sources */ = {isa = PBXBuildFile; fileRef = 0D7E019C1DEBFB5E00B3C720 /* HomeTableViewCell.m */; };
		0D9BD5C61DEC222F00517379 /* CollectionViewController.m in Sources */ = {isa = PBXBuildFile; fileRef = 0D9BD5C51DEC222F00517379 /* CollectionViewController.m */; };
		0D9BD5C91DEC4C9A00517379 /* CustomCollectionViewCell.m in Sources */ = {isa = PBXBuildFile; fileRef = 0D9BD5C81DEC4C9A00517379 /* CustomCollectionViewCell.m */; };
		0D9BD5D91DED5B8100517379 /* CustomCellSingleCollectionView.m in Sources */ = {isa = PBXBuildFile; fileRef = 0D9BD5D81DED5B8100517379 /* CustomCellSingleCollectionView.m */; };
		0D9BD5DC1DED5D2E00517379 /* SingleCellCollectionViewController.m in Sources */ = {isa = PBXBuildFile; fileRef = 0D9BD5DB1DED5D2E00517379 /* SingleCellCollectionViewController.m */; };
		0D9BD5DF1DED633900517379 /* CustomFlowLayout.m in Sources */ = {isa = PBXBuildFile; fileRef = 0D9BD5DE1DED633900517379 /* CustomFlowLayout.m */; };
		0D9BD5E11DED787200517379 /* 풍경.jpg in Resources */ = {isa = PBXBuildFile; fileRef = 0D9BD5E01DED787200517379 /* 풍경.jpg */; };
		0D9BD5E81DED939A00517379 /* FisrtCollectionViewLayout.m in Sources */ = {isa = PBXBuildFile; fileRef = 0D9BD5E71DED939A00517379 /* FisrtCollectionViewLayout.m */; };
		0DC7520D1DF008AA005BA6BB /* RequestObject.m in Sources */ = {isa = PBXBuildFile; fileRef = 0DC7520C1DF008AA005BA6BB /* RequestObject.m */; };
		0DC752101DF008F0005BA6BB /* LoginPageManager.m in Sources */ = {isa = PBXBuildFile; fileRef = 0DC7520F1DF008F0005BA6BB /* LoginPageManager.m */; };
		0DC752131DF13A4A005BA6BB /* CustomAlertController.m in Sources */ = {isa = PBXBuildFile; fileRef = 0DC752121DF13A4A005BA6BB /* CustomAlertController.m */; };
		0DC752171DF16014005BA6BB /* ProfileViewController.m in Sources */ = {isa = PBXBuildFile; fileRef = 0DC752161DF16014005BA6BB /* ProfileViewController.m */; };
		0DE182D41DEDA9D900AC3819 /* locationImage.png in Resources */ = {isa = PBXBuildFile; fileRef = 0DE182D31DEDA9D900AC3819 /* locationImage.png */; };
		0DE182D61DEDAA8500AC3819 /* location.png in Resources */ = {isa = PBXBuildFile; fileRef = 0DE182D51DEDAA8500AC3819 /* location.png */; };
		33A5BDE845E38066F6881BA7 /* libPods-AnonymousSocial.a in Frameworks */ = {isa = PBXBuildFile; fileRef = 2F08EAD1911CDF7070E6BBC7 /* libPods-AnonymousSocial.a */; };
		AA1EFAF21DEBE4E6002183D2 /* main.m in Sources */ = {isa = PBXBuildFile; fileRef = AA1EFAF11DEBE4E6002183D2 /* main.m */; };
		AA1EFAF51DEBE4E6002183D2 /* AppDelegate.m in Sources */ = {isa = PBXBuildFile; fileRef = AA1EFAF41DEBE4E6002183D2 /* AppDelegate.m */; };
		AA1EFAFB1DEBE4E6002183D2 /* Main.storyboard in Resources */ = {isa = PBXBuildFile; fileRef = AA1EFAF91DEBE4E6002183D2 /* Main.storyboard */; };
		AA1EFAFD1DEBE4E6002183D2 /* Assets.xcassets in Resources */ = {isa = PBXBuildFile; fileRef = AA1EFAFC1DEBE4E6002183D2 /* Assets.xcassets */; };
		AA1EFB001DEBE4E6002183D2 /* LaunchScreen.storyboard in Resources */ = {isa = PBXBuildFile; fileRef = AA1EFAFE1DEBE4E6002183D2 /* LaunchScreen.storyboard */; };
		AA1EFB0A1DEBE63D002183D2 /* Profile.storyboard in Resources */ = {isa = PBXBuildFile; fileRef = AA1EFB091DEBE63D002183D2 /* Profile.storyboard */; };
		AA1EFB0E1DEBE65A002183D2 /* Post.storyboard in Resources */ = {isa = PBXBuildFile; fileRef = AA1EFB0D1DEBE65A002183D2 /* Post.storyboard */; };
		AA1EFB151DEBE755002183D2 /* Other.storyboard in Resources */ = {isa = PBXBuildFile; fileRef = AA1EFB141DEBE755002183D2 /* Other.storyboard */; };
		AA1EFB181DEBEB04002183D2 /* Profile.m in Sources */ = {isa = PBXBuildFile; fileRef = AA1EFB171DEBEB04002183D2 /* Profile.m */; };
/* End PBXBuildFile section */

/* Begin PBXFileReference section */
		0D086BF81DEFD55700FA3B49 /* SignUpPageViewController.h */ = {isa = PBXFileReference; fileEncoding = 4; lastKnownFileType = sourcecode.c.h; path = SignUpPageViewController.h; sourceTree = "<group>"; };
		0D086BF91DEFD55700FA3B49 /* SignUpPageViewController.m */ = {isa = PBXFileReference; fileEncoding = 4; lastKnownFileType = sourcecode.c.objc; path = SignUpPageViewController.m; sourceTree = "<group>"; };
		0D2761031DEEEECD009B92A8 /* LoginPageViewController.h */ = {isa = PBXFileReference; fileEncoding = 4; lastKnownFileType = sourcecode.c.h; path = LoginPageViewController.h; sourceTree = "<group>"; };
		0D2761041DEEEECD009B92A8 /* LoginPageViewController.m */ = {isa = PBXFileReference; fileEncoding = 4; lastKnownFileType = sourcecode.c.objc; path = LoginPageViewController.m; sourceTree = "<group>"; };
		0D44CAB71DF2AE560038A26E /* UserInfoValidationCheck.h */ = {isa = PBXFileReference; fileEncoding = 4; lastKnownFileType = sourcecode.c.h; path = UserInfoValidationCheck.h; sourceTree = "<group>"; };
		0D44CAB81DF2AE560038A26E /* UserInfoValidationCheck.m */ = {isa = PBXFileReference; fileEncoding = 4; lastKnownFileType = sourcecode.c.objc; path = UserInfoValidationCheck.m; sourceTree = "<group>"; };
		0D44CAE21DF2BDA90038A26E /* ValidationSubView.h */ = {isa = PBXFileReference; fileEncoding = 4; lastKnownFileType = sourcecode.c.h; name = ValidationSubView.h; path = ../../../../../.Trash/ValidationSubView.h; sourceTree = "<group>"; };
		0D44CAE31DF2BDA90038A26E /* ValidationSubView.m */ = {isa = PBXFileReference; fileEncoding = 4; lastKnownFileType = sourcecode.c.objc; name = ValidationSubView.m; path = ../../../../../.Trash/ValidationSubView.m; sourceTree = "<group>"; };
		0D44CAE41DF2BDA90038A26E /* ValidationSubView.xib */ = {isa = PBXFileReference; fileEncoding = 4; lastKnownFileType = file.xib; name = ValidationSubView.xib; path = ../../../../../.Trash/ValidationSubView.xib; sourceTree = "<group>"; };
		0D4B676B1DF50C6A001BD436 /* Alarm.storyboard */ = {isa = PBXFileReference; fileEncoding = 4; lastKnownFileType = file.storyboard; path = Alarm.storyboard; sourceTree = "<group>"; };
		0D4F1A401DEE8B43002B7296 /* Home.storyboard */ = {isa = PBXFileReference; fileEncoding = 4; lastKnownFileType = file.storyboard; path = Home.storyboard; sourceTree = "<group>"; };
		0D4F1A431DEE911D002B7296 /* UserInfomation.h */ = {isa = PBXFileReference; fileEncoding = 4; lastKnownFileType = sourcecode.c.h; path = UserInfomation.h; sourceTree = "<group>"; };
		0D4F1A441DEE911D002B7296 /* UserInfomation.m */ = {isa = PBXFileReference; fileEncoding = 4; lastKnownFileType = sourcecode.c.objc; path = UserInfomation.m; sourceTree = "<group>"; };
		0D4F1A471DEEA770002B7296 /* Login.storyboard */ = {isa = PBXFileReference; fileEncoding = 4; lastKnownFileType = file.storyboard; path = Login.storyboard; sourceTree = "<group>"; };
		0D7E01981DEBEBB200B3C720 /* HomeViewController.h */ = {isa = PBXFileReference; fileEncoding = 4; lastKnownFileType = sourcecode.c.h; path = HomeViewController.h; sourceTree = "<group>"; };
		0D7E01991DEBEBB200B3C720 /* HomeViewController.m */ = {isa = PBXFileReference; fileEncoding = 4; lastKnownFileType = sourcecode.c.objc; path = HomeViewController.m; sourceTree = "<group>"; };
		0D7E019B1DEBFB5E00B3C720 /* HomeTableViewCell.h */ = {isa = PBXFileReference; fileEncoding = 4; lastKnownFileType = sourcecode.c.h; path = HomeTableViewCell.h; sourceTree = "<group>"; };
		0D7E019C1DEBFB5E00B3C720 /* HomeTableViewCell.m */ = {isa = PBXFileReference; fileEncoding = 4; lastKnownFileType = sourcecode.c.objc; path = HomeTableViewCell.m; sourceTree = "<group>"; };
		0D9BD5C41DEC222F00517379 /* CollectionViewController.h */ = {isa = PBXFileReference; fileEncoding = 4; lastKnownFileType = sourcecode.c.h; path = CollectionViewController.h; sourceTree = "<group>"; };
		0D9BD5C51DEC222F00517379 /* CollectionViewController.m */ = {isa = PBXFileReference; fileEncoding = 4; lastKnownFileType = sourcecode.c.objc; path = CollectionViewController.m; sourceTree = "<group>"; };
		0D9BD5C71DEC4C9A00517379 /* CustomCollectionViewCell.h */ = {isa = PBXFileReference; fileEncoding = 4; lastKnownFileType = sourcecode.c.h; path = CustomCollectionViewCell.h; sourceTree = "<group>"; };
		0D9BD5C81DEC4C9A00517379 /* CustomCollectionViewCell.m */ = {isa = PBXFileReference; fileEncoding = 4; lastKnownFileType = sourcecode.c.objc; path = CustomCollectionViewCell.m; sourceTree = "<group>"; };
		0D9BD5D71DED5B8100517379 /* CustomCellSingleCollectionView.h */ = {isa = PBXFileReference; fileEncoding = 4; lastKnownFileType = sourcecode.c.h; path = CustomCellSingleCollectionView.h; sourceTree = "<group>"; };
		0D9BD5D81DED5B8100517379 /* CustomCellSingleCollectionView.m */ = {isa = PBXFileReference; fileEncoding = 4; lastKnownFileType = sourcecode.c.objc; path = CustomCellSingleCollectionView.m; sourceTree = "<group>"; };
		0D9BD5DA1DED5D2E00517379 /* SingleCellCollectionViewController.h */ = {isa = PBXFileReference; fileEncoding = 4; lastKnownFileType = sourcecode.c.h; path = SingleCellCollectionViewController.h; sourceTree = "<group>"; };
		0D9BD5DB1DED5D2E00517379 /* SingleCellCollectionViewController.m */ = {isa = PBXFileReference; fileEncoding = 4; lastKnownFileType = sourcecode.c.objc; path = SingleCellCollectionViewController.m; sourceTree = "<group>"; };
		0D9BD5DD1DED633900517379 /* CustomFlowLayout.h */ = {isa = PBXFileReference; fileEncoding = 4; lastKnownFileType = sourcecode.c.h; path = CustomFlowLayout.h; sourceTree = "<group>"; };
		0D9BD5DE1DED633900517379 /* CustomFlowLayout.m */ = {isa = PBXFileReference; fileEncoding = 4; lastKnownFileType = sourcecode.c.objc; path = CustomFlowLayout.m; sourceTree = "<group>"; };
		0D9BD5E01DED787200517379 /* 풍경.jpg */ = {isa = PBXFileReference; lastKnownFileType = image.jpeg; name = "풍경.jpg"; path = "../../../../풍경.jpg"; sourceTree = "<group>"; };
		0D9BD5E61DED939A00517379 /* FisrtCollectionViewLayout.h */ = {isa = PBXFileReference; fileEncoding = 4; lastKnownFileType = sourcecode.c.h; path = FisrtCollectionViewLayout.h; sourceTree = "<group>"; };
		0D9BD5E71DED939A00517379 /* FisrtCollectionViewLayout.m */ = {isa = PBXFileReference; fileEncoding = 4; lastKnownFileType = sourcecode.c.objc; path = FisrtCollectionViewLayout.m; sourceTree = "<group>"; };
		0DC7520B1DF008AA005BA6BB /* RequestObject.h */ = {isa = PBXFileReference; fileEncoding = 4; lastKnownFileType = sourcecode.c.h; path = RequestObject.h; sourceTree = "<group>"; };
		0DC7520C1DF008AA005BA6BB /* RequestObject.m */ = {isa = PBXFileReference; fileEncoding = 4; lastKnownFileType = sourcecode.c.objc; path = RequestObject.m; sourceTree = "<group>"; };
		0DC7520E1DF008F0005BA6BB /* LoginPageManager.h */ = {isa = PBXFileReference; fileEncoding = 4; lastKnownFileType = sourcecode.c.h; path = LoginPageManager.h; sourceTree = "<group>"; };
		0DC7520F1DF008F0005BA6BB /* LoginPageManager.m */ = {isa = PBXFileReference; fileEncoding = 4; lastKnownFileType = sourcecode.c.objc; path = LoginPageManager.m; sourceTree = "<group>"; };
		0DC752111DF13A4A005BA6BB /* CustomAlertController.h */ = {isa = PBXFileReference; fileEncoding = 4; lastKnownFileType = sourcecode.c.h; path = CustomAlertController.h; sourceTree = "<group>"; };
		0DC752121DF13A4A005BA6BB /* CustomAlertController.m */ = {isa = PBXFileReference; fileEncoding = 4; lastKnownFileType = sourcecode.c.objc; path = CustomAlertController.m; sourceTree = "<group>"; };
		0DC752151DF16014005BA6BB /* ProfileViewController.h */ = {isa = PBXFileReference; fileEncoding = 4; lastKnownFileType = sourcecode.c.h; path = ProfileViewController.h; sourceTree = "<group>"; };
		0DC752161DF16014005BA6BB /* ProfileViewController.m */ = {isa = PBXFileReference; fileEncoding = 4; lastKnownFileType = sourcecode.c.objc; path = ProfileViewController.m; sourceTree = "<group>"; };
		0DC752181DF16F89005BA6BB /* AnonymousSocial.entitlements */ = {isa = PBXFileReference; lastKnownFileType = text.plist.entitlements; path = AnonymousSocial.entitlements; sourceTree = "<group>"; };
		0DE182D31DEDA9D900AC3819 /* locationImage.png */ = {isa = PBXFileReference; lastKnownFileType = image.png; name = locationImage.png; path = ../../../../../Downloads/locationImage.png; sourceTree = "<group>"; };
		0DE182D51DEDAA8500AC3819 /* location.png */ = {isa = PBXFileReference; lastKnownFileType = image.png; name = location.png; path = ../../../../../Downloads/location.png; sourceTree = "<group>"; };
		2F08EAD1911CDF7070E6BBC7 /* libPods-AnonymousSocial.a */ = {isa = PBXFileReference; explicitFileType = archive.ar; includeInIndex = 0; path = "libPods-AnonymousSocial.a"; sourceTree = BUILT_PRODUCTS_DIR; };
		6B7CBD849F3533FF7B6FD88A /* Pods-AnonymousSocial.debug.xcconfig */ = {isa = PBXFileReference; includeInIndex = 1; lastKnownFileType = text.xcconfig; name = "Pods-AnonymousSocial.debug.xcconfig"; path = "Pods/Target Support Files/Pods-AnonymousSocial/Pods-AnonymousSocial.debug.xcconfig"; sourceTree = "<group>"; };
		AA1EFAED1DEBE4E6002183D2 /* AnonymousSocial.app */ = {isa = PBXFileReference; explicitFileType = wrapper.application; includeInIndex = 0; path = AnonymousSocial.app; sourceTree = BUILT_PRODUCTS_DIR; };
		AA1EFAF11DEBE4E6002183D2 /* main.m */ = {isa = PBXFileReference; lastKnownFileType = sourcecode.c.objc; path = main.m; sourceTree = "<group>"; };
		AA1EFAF31DEBE4E6002183D2 /* AppDelegate.h */ = {isa = PBXFileReference; lastKnownFileType = sourcecode.c.h; path = AppDelegate.h; sourceTree = "<group>"; };
		AA1EFAF41DEBE4E6002183D2 /* AppDelegate.m */ = {isa = PBXFileReference; lastKnownFileType = sourcecode.c.objc; path = AppDelegate.m; sourceTree = "<group>"; };
		AA1EFAFA1DEBE4E6002183D2 /* Base */ = {isa = PBXFileReference; lastKnownFileType = file.storyboard; name = Base; path = Base.lproj/Main.storyboard; sourceTree = "<group>"; };
		AA1EFAFC1DEBE4E6002183D2 /* Assets.xcassets */ = {isa = PBXFileReference; lastKnownFileType = folder.assetcatalog; path = Assets.xcassets; sourceTree = "<group>"; };
		AA1EFAFF1DEBE4E6002183D2 /* Base */ = {isa = PBXFileReference; lastKnownFileType = file.storyboard; name = Base; path = Base.lproj/LaunchScreen.storyboard; sourceTree = "<group>"; };
		AA1EFB011DEBE4E6002183D2 /* Info.plist */ = {isa = PBXFileReference; lastKnownFileType = text.plist.xml; path = Info.plist; sourceTree = "<group>"; };
		AA1EFB091DEBE63D002183D2 /* Profile.storyboard */ = {isa = PBXFileReference; fileEncoding = 4; lastKnownFileType = file.storyboard; path = Profile.storyboard; sourceTree = "<group>"; };
		AA1EFB0D1DEBE65A002183D2 /* Post.storyboard */ = {isa = PBXFileReference; fileEncoding = 4; lastKnownFileType = file.storyboard; path = Post.storyboard; sourceTree = "<group>"; };
<<<<<<< HEAD
		EC7A886A7E98AB8525606FCB /* Pods-AnonymousSocial.release.xcconfig */ = {isa = PBXFileReference; includeInIndex = 1; lastKnownFileType = text.xcconfig; name = "Pods-AnonymousSocial.release.xcconfig"; path = "Pods/Target Support Files/Pods-AnonymousSocial/Pods-AnonymousSocial.release.xcconfig"; sourceTree = "<group>"; };
=======
		AA1EFB141DEBE755002183D2 /* Other.storyboard */ = {isa = PBXFileReference; fileEncoding = 4; lastKnownFileType = file.storyboard; path = Other.storyboard; sourceTree = "<group>"; };
		AA1EFB161DEBEB04002183D2 /* Profile.h */ = {isa = PBXFileReference; fileEncoding = 4; lastKnownFileType = sourcecode.c.h; path = Profile.h; sourceTree = "<group>"; };
		AA1EFB171DEBEB04002183D2 /* Profile.m */ = {isa = PBXFileReference; fileEncoding = 4; lastKnownFileType = sourcecode.c.objc; path = Profile.m; sourceTree = "<group>"; };
>>>>>>> 5eaae30f02e1dfb9f0b7e74c6db6531686b0f625
/* End PBXFileReference section */

/* Begin PBXFrameworksBuildPhase section */
		AA1EFAEA1DEBE4E5002183D2 /* Frameworks */ = {
			isa = PBXFrameworksBuildPhase;
			buildActionMask = 2147483647;
			files = (
				33A5BDE845E38066F6881BA7 /* libPods-AnonymousSocial.a in Frameworks */,
			);
			runOnlyForDeploymentPostprocessing = 0;
		};
/* End PBXFrameworksBuildPhase section */

/* Begin PBXGroup section */
		0D086BFC1DF004C100FA3B49 /* NetworkObjects */ = {
			isa = PBXGroup;
			children = (
				0DC7520B1DF008AA005BA6BB /* RequestObject.h */,
				0DC7520C1DF008AA005BA6BB /* RequestObject.m */,
			);
			name = NetworkObjects;
			sourceTree = "<group>";
		};
		0D4F1A421DEE9084002B7296 /* DataModel */ = {
			isa = PBXGroup;
			children = (
				0D4F1A431DEE911D002B7296 /* UserInfomation.h */,
				0D4F1A441DEE911D002B7296 /* UserInfomation.m */,
			);
			name = DataModel;
			sourceTree = "<group>";
		};
		0D4F1A461DEEA766002B7296 /* Login */ = {
			isa = PBXGroup;
			children = (
				0D4F1A471DEEA770002B7296 /* Login.storyboard */,
				0D2761031DEEEECD009B92A8 /* LoginPageViewController.h */,
				0D2761041DEEEECD009B92A8 /* LoginPageViewController.m */,
				0D086BF81DEFD55700FA3B49 /* SignUpPageViewController.h */,
				0D086BF91DEFD55700FA3B49 /* SignUpPageViewController.m */,
				0DC7520E1DF008F0005BA6BB /* LoginPageManager.h */,
				0DC7520F1DF008F0005BA6BB /* LoginPageManager.m */,
			);
			name = Login;
			sourceTree = "<group>";
		};
		0D9BD5E21DED934200517379 /* HomeTable */ = {
			isa = PBXGroup;
			children = (
				0D4F1A401DEE8B43002B7296 /* Home.storyboard */,
				0D7E01981DEBEBB200B3C720 /* HomeViewController.h */,
				0D7E01991DEBEBB200B3C720 /* HomeViewController.m */,
				0D7E019B1DEBFB5E00B3C720 /* HomeTableViewCell.h */,
				0D7E019C1DEBFB5E00B3C720 /* HomeTableViewCell.m */,
			);
			name = HomeTable;
			sourceTree = "<group>";
		};
		0D9BD5E31DED935300517379 /* FirstCollectionVIew */ = {
			isa = PBXGroup;
			children = (
				0D9BD5C41DEC222F00517379 /* CollectionViewController.h */,
				0D9BD5C51DEC222F00517379 /* CollectionViewController.m */,
				0D9BD5C71DEC4C9A00517379 /* CustomCollectionViewCell.h */,
				0D9BD5C81DEC4C9A00517379 /* CustomCollectionViewCell.m */,
				0D9BD5E61DED939A00517379 /* FisrtCollectionViewLayout.h */,
				0D9BD5E71DED939A00517379 /* FisrtCollectionViewLayout.m */,
			);
			name = FirstCollectionVIew;
			sourceTree = "<group>";
		};
		0D9BD5E41DED936C00517379 /* SecondCollectionView */ = {
			isa = PBXGroup;
			children = (
				0D9BD5DA1DED5D2E00517379 /* SingleCellCollectionViewController.h */,
				0D9BD5DB1DED5D2E00517379 /* SingleCellCollectionViewController.m */,
				0D9BD5D71DED5B8100517379 /* CustomCellSingleCollectionView.h */,
				0D9BD5D81DED5B8100517379 /* CustomCellSingleCollectionView.m */,
				0D9BD5DD1DED633900517379 /* CustomFlowLayout.h */,
				0D9BD5DE1DED633900517379 /* CustomFlowLayout.m */,
			);
			name = SecondCollectionView;
			sourceTree = "<group>";
		};
		0D9BD5E51DED937400517379 /* TempImageResource */ = {
			isa = PBXGroup;
			children = (
				0DE182D31DEDA9D900AC3819 /* locationImage.png */,
				0DE182D51DEDAA8500AC3819 /* location.png */,
				0D9BD5E01DED787200517379 /* 풍경.jpg */,
			);
			name = TempImageResource;
			sourceTree = "<group>";
		};
		0DC752141DF13A4F005BA6BB /* Utilities */ = {
			isa = PBXGroup;
			children = (
				0DC752111DF13A4A005BA6BB /* CustomAlertController.h */,
				0DC752121DF13A4A005BA6BB /* CustomAlertController.m */,
				0D44CAB71DF2AE560038A26E /* UserInfoValidationCheck.h */,
				0D44CAB81DF2AE560038A26E /* UserInfoValidationCheck.m */,
				0D44CAE21DF2BDA90038A26E /* ValidationSubView.h */,
				0D44CAE31DF2BDA90038A26E /* ValidationSubView.m */,
				0D44CAE41DF2BDA90038A26E /* ValidationSubView.xib */,
			);
			name = Utilities;
			sourceTree = "<group>";
		};
		7B49AC97D993512EDD12F740 /* Frameworks */ = {
			isa = PBXGroup;
			children = (
				2F08EAD1911CDF7070E6BBC7 /* libPods-AnonymousSocial.a */,
			);
			name = Frameworks;
			sourceTree = "<group>";
		};
		AA1EFAE41DEBE4E5002183D2 = {
			isa = PBXGroup;
			children = (
				AA1EFAEF1DEBE4E6002183D2 /* AnonymousSocial */,
				AA1EFAEE1DEBE4E6002183D2 /* Products */,
				C07314A7CBBA5578EB45330E /* Pods */,
				7B49AC97D993512EDD12F740 /* Frameworks */,
			);
			sourceTree = "<group>";
		};
		AA1EFAEE1DEBE4E6002183D2 /* Products */ = {
			isa = PBXGroup;
			children = (
				AA1EFAED1DEBE4E6002183D2 /* AnonymousSocial.app */,
			);
			name = Products;
			sourceTree = "<group>";
		};
		AA1EFAEF1DEBE4E6002183D2 /* AnonymousSocial */ = {
			isa = PBXGroup;
			children = (
				0DC752181DF16F89005BA6BB /* AnonymousSocial.entitlements */,
				AA1EFAF31DEBE4E6002183D2 /* AppDelegate.h */,
				AA1EFAF41DEBE4E6002183D2 /* AppDelegate.m */,
				0DC752141DF13A4F005BA6BB /* Utilities */,
				0D086BFC1DF004C100FA3B49 /* NetworkObjects */,
				0D4F1A461DEEA766002B7296 /* Login */,
				0D4F1A421DEE9084002B7296 /* DataModel */,
				AA1EFB121DEBE6EC002183D2 /* Home */,
				AA1EFB111DEBE6E8002183D2 /* Post */,
				AA1EFB101DEBE6E3002183D2 /* Profile */,
				AA1EFB131DEBE73C002183D2 /* Alarm */,
				AA1EFAFC1DEBE4E6002183D2 /* Assets.xcassets */,
				AA1EFAFE1DEBE4E6002183D2 /* LaunchScreen.storyboard */,
				AA1EFB011DEBE4E6002183D2 /* Info.plist */,
				AA1EFAF91DEBE4E6002183D2 /* Main.storyboard */,
				AA1EFAF01DEBE4E6002183D2 /* Supporting Files */,
			);
			path = AnonymousSocial;
			sourceTree = "<group>";
		};
		AA1EFAF01DEBE4E6002183D2 /* Supporting Files */ = {
			isa = PBXGroup;
			children = (
				AA1EFAF11DEBE4E6002183D2 /* main.m */,
			);
			name = "Supporting Files";
			sourceTree = "<group>";
		};
		AA1EFB101DEBE6E3002183D2 /* Profile */ = {
			isa = PBXGroup;
			children = (
				AA1EFB091DEBE63D002183D2 /* Profile.storyboard */,
<<<<<<< HEAD
				0DC752151DF16014005BA6BB /* ProfileViewController.h */,
				0DC752161DF16014005BA6BB /* ProfileViewController.m */,
=======
				AA1EFB161DEBEB04002183D2 /* Profile.h */,
				AA1EFB171DEBEB04002183D2 /* Profile.m */,
>>>>>>> 5eaae30f02e1dfb9f0b7e74c6db6531686b0f625
			);
			name = Profile;
			sourceTree = "<group>";
		};
		AA1EFB111DEBE6E8002183D2 /* Post */ = {
			isa = PBXGroup;
			children = (
				AA1EFB0D1DEBE65A002183D2 /* Post.storyboard */,
			);
			name = Post;
			sourceTree = "<group>";
		};
		AA1EFB121DEBE6EC002183D2 /* Home */ = {
			isa = PBXGroup;
			children = (
				0D9BD5E21DED934200517379 /* HomeTable */,
				0D9BD5E31DED935300517379 /* FirstCollectionVIew */,
				0D9BD5E41DED936C00517379 /* SecondCollectionView */,
				0D9BD5E51DED937400517379 /* TempImageResource */,
			);
			name = Home;
			sourceTree = "<group>";
		};
		AA1EFB131DEBE73C002183D2 /* Alarm */ = {
			isa = PBXGroup;
			children = (
				0D4B676B1DF50C6A001BD436 /* Alarm.storyboard */,
			);
			name = Alarm;
			sourceTree = "<group>";
		};
		C07314A7CBBA5578EB45330E /* Pods */ = {
			isa = PBXGroup;
			children = (
				6B7CBD849F3533FF7B6FD88A /* Pods-AnonymousSocial.debug.xcconfig */,
				EC7A886A7E98AB8525606FCB /* Pods-AnonymousSocial.release.xcconfig */,
			);
			name = Pods;
			sourceTree = "<group>";
		};
/* End PBXGroup section */

/* Begin PBXNativeTarget section */
		AA1EFAEC1DEBE4E5002183D2 /* AnonymousSocial */ = {
			isa = PBXNativeTarget;
			buildConfigurationList = AA1EFB041DEBE4E6002183D2 /* Build configuration list for PBXNativeTarget "AnonymousSocial" */;
			buildPhases = (
				4649ACD8D36EF991C779C7AE /* [CP] Check Pods Manifest.lock */,
				AA1EFAE91DEBE4E5002183D2 /* Sources */,
				AA1EFAEA1DEBE4E5002183D2 /* Frameworks */,
				AA1EFAEB1DEBE4E5002183D2 /* Resources */,
				2D74014369C8C3E29BC99A3B /* [CP] Embed Pods Frameworks */,
				E246E63C039A2C34B1EF1BA8 /* [CP] Copy Pods Resources */,
			);
			buildRules = (
			);
			dependencies = (
			);
			name = AnonymousSocial;
			productName = AnonymousSocial;
			productReference = AA1EFAED1DEBE4E6002183D2 /* AnonymousSocial.app */;
			productType = "com.apple.product-type.application";
		};
/* End PBXNativeTarget section */

/* Begin PBXProject section */
		AA1EFAE51DEBE4E5002183D2 /* Project object */ = {
			isa = PBXProject;
			attributes = {
				LastUpgradeCheck = 0810;
				ORGANIZATIONNAME = iosSchool;
				TargetAttributes = {
					AA1EFAEC1DEBE4E5002183D2 = {
						CreatedOnToolsVersion = 8.1;
						DevelopmentTeam = NN7QXHC8A3;
						ProvisioningStyle = Automatic;
						SystemCapabilities = {
							com.apple.Keychain = {
								enabled = 1;
							};
						};
					};
				};
			};
			buildConfigurationList = AA1EFAE81DEBE4E5002183D2 /* Build configuration list for PBXProject "AnonymousSocial" */;
			compatibilityVersion = "Xcode 3.2";
			developmentRegion = English;
			hasScannedForEncodings = 0;
			knownRegions = (
				en,
				Base,
			);
			mainGroup = AA1EFAE41DEBE4E5002183D2;
			productRefGroup = AA1EFAEE1DEBE4E6002183D2 /* Products */;
			projectDirPath = "";
			projectRoot = "";
			targets = (
				AA1EFAEC1DEBE4E5002183D2 /* AnonymousSocial */,
			);
		};
/* End PBXProject section */

/* Begin PBXResourcesBuildPhase section */
		AA1EFAEB1DEBE4E5002183D2 /* Resources */ = {
			isa = PBXResourcesBuildPhase;
			buildActionMask = 2147483647;
			files = (
				0D4B676C1DF50C6A001BD436 /* Alarm.storyboard in Resources */,
				AA1EFB001DEBE4E6002183D2 /* LaunchScreen.storyboard in Resources */,
				0D4F1A411DEE8B43002B7296 /* Home.storyboard in Resources */,
				0D44CAE61DF2BDA90038A26E /* ValidationSubView.xib in Resources */,
				AA1EFAFD1DEBE4E6002183D2 /* Assets.xcassets in Resources */,
				AA1EFB0A1DEBE63D002183D2 /* Profile.storyboard in Resources */,
				0D9BD5E11DED787200517379 /* 풍경.jpg in Resources */,
				AA1EFB0E1DEBE65A002183D2 /* Post.storyboard in Resources */,
				0DE182D61DEDAA8500AC3819 /* location.png in Resources */,
				AA1EFAFB1DEBE4E6002183D2 /* Main.storyboard in Resources */,
				0DE182D41DEDA9D900AC3819 /* locationImage.png in Resources */,
				0D4F1A481DEEA770002B7296 /* Login.storyboard in Resources */,
			);
			runOnlyForDeploymentPostprocessing = 0;
		};
/* End PBXResourcesBuildPhase section */

/* Begin PBXShellScriptBuildPhase section */
		2D74014369C8C3E29BC99A3B /* [CP] Embed Pods Frameworks */ = {
			isa = PBXShellScriptBuildPhase;
			buildActionMask = 2147483647;
			files = (
			);
			inputPaths = (
			);
			name = "[CP] Embed Pods Frameworks";
			outputPaths = (
			);
			runOnlyForDeploymentPostprocessing = 0;
			shellPath = /bin/sh;
			shellScript = "\"${SRCROOT}/Pods/Target Support Files/Pods-AnonymousSocial/Pods-AnonymousSocial-frameworks.sh\"\n";
			showEnvVarsInLog = 0;
		};
		4649ACD8D36EF991C779C7AE /* [CP] Check Pods Manifest.lock */ = {
			isa = PBXShellScriptBuildPhase;
			buildActionMask = 2147483647;
			files = (
			);
			inputPaths = (
			);
			name = "[CP] Check Pods Manifest.lock";
			outputPaths = (
			);
			runOnlyForDeploymentPostprocessing = 0;
			shellPath = /bin/sh;
			shellScript = "diff \"${PODS_ROOT}/../Podfile.lock\" \"${PODS_ROOT}/Manifest.lock\" > /dev/null\nif [ $? != 0 ] ; then\n    # print error to STDERR\n    echo \"error: The sandbox is not in sync with the Podfile.lock. Run 'pod install' or update your CocoaPods installation.\" >&2\n    exit 1\nfi\n";
			showEnvVarsInLog = 0;
		};
		E246E63C039A2C34B1EF1BA8 /* [CP] Copy Pods Resources */ = {
			isa = PBXShellScriptBuildPhase;
			buildActionMask = 2147483647;
			files = (
			);
			inputPaths = (
			);
			name = "[CP] Copy Pods Resources";
			outputPaths = (
			);
			runOnlyForDeploymentPostprocessing = 0;
			shellPath = /bin/sh;
			shellScript = "\"${SRCROOT}/Pods/Target Support Files/Pods-AnonymousSocial/Pods-AnonymousSocial-resources.sh\"\n";
			showEnvVarsInLog = 0;
		};
/* End PBXShellScriptBuildPhase section */

/* Begin PBXSourcesBuildPhase section */
		AA1EFAE91DEBE4E5002183D2 /* Sources */ = {
			isa = PBXSourcesBuildPhase;
			buildActionMask = 2147483647;
			files = (
<<<<<<< HEAD
				0D44CAB91DF2AE560038A26E /* UserInfoValidationCheck.m in Sources */,
				0DC7520D1DF008AA005BA6BB /* RequestObject.m in Sources */,
=======
				AA1EFB181DEBEB04002183D2 /* Profile.m in Sources */,
>>>>>>> 5eaae30f02e1dfb9f0b7e74c6db6531686b0f625
				AA1EFAF51DEBE4E6002183D2 /* AppDelegate.m in Sources */,
				0D44CAE51DF2BDA90038A26E /* ValidationSubView.m in Sources */,
				0D9BD5E81DED939A00517379 /* FisrtCollectionViewLayout.m in Sources */,
				0D086BFA1DEFD55700FA3B49 /* SignUpPageViewController.m in Sources */,
				0D4F1A451DEE911D002B7296 /* UserInfomation.m in Sources */,
				0DC752101DF008F0005BA6BB /* LoginPageManager.m in Sources */,
				AA1EFAF21DEBE4E6002183D2 /* main.m in Sources */,
				0D7E019D1DEBFB5E00B3C720 /* HomeTableViewCell.m in Sources */,
				0D2761051DEEEECD009B92A8 /* LoginPageViewController.m in Sources */,
				0DC752171DF16014005BA6BB /* ProfileViewController.m in Sources */,
				0DC752131DF13A4A005BA6BB /* CustomAlertController.m in Sources */,
				0D9BD5DF1DED633900517379 /* CustomFlowLayout.m in Sources */,
				0D9BD5C91DEC4C9A00517379 /* CustomCollectionViewCell.m in Sources */,
				0D9BD5DC1DED5D2E00517379 /* SingleCellCollectionViewController.m in Sources */,
				0D9BD5C61DEC222F00517379 /* CollectionViewController.m in Sources */,
				0D9BD5D91DED5B8100517379 /* CustomCellSingleCollectionView.m in Sources */,
				0D7E019A1DEBEBB200B3C720 /* HomeViewController.m in Sources */,
			);
			runOnlyForDeploymentPostprocessing = 0;
		};
/* End PBXSourcesBuildPhase section */

/* Begin PBXVariantGroup section */
		AA1EFAF91DEBE4E6002183D2 /* Main.storyboard */ = {
			isa = PBXVariantGroup;
			children = (
				AA1EFAFA1DEBE4E6002183D2 /* Base */,
			);
			name = Main.storyboard;
			sourceTree = "<group>";
		};
		AA1EFAFE1DEBE4E6002183D2 /* LaunchScreen.storyboard */ = {
			isa = PBXVariantGroup;
			children = (
				AA1EFAFF1DEBE4E6002183D2 /* Base */,
			);
			name = LaunchScreen.storyboard;
			sourceTree = "<group>";
		};
/* End PBXVariantGroup section */

/* Begin XCBuildConfiguration section */
		AA1EFB021DEBE4E6002183D2 /* Debug */ = {
			isa = XCBuildConfiguration;
			buildSettings = {
				ALWAYS_SEARCH_USER_PATHS = NO;
				CLANG_ANALYZER_NONNULL = YES;
				CLANG_CXX_LANGUAGE_STANDARD = "gnu++0x";
				CLANG_CXX_LIBRARY = "libc++";
				CLANG_ENABLE_MODULES = YES;
				CLANG_ENABLE_OBJC_ARC = YES;
				CLANG_WARN_BOOL_CONVERSION = YES;
				CLANG_WARN_CONSTANT_CONVERSION = YES;
				CLANG_WARN_DIRECT_OBJC_ISA_USAGE = YES_ERROR;
				CLANG_WARN_DOCUMENTATION_COMMENTS = YES;
				CLANG_WARN_EMPTY_BODY = YES;
				CLANG_WARN_ENUM_CONVERSION = YES;
				CLANG_WARN_INFINITE_RECURSION = YES;
				CLANG_WARN_INT_CONVERSION = YES;
				CLANG_WARN_OBJC_ROOT_CLASS = YES_ERROR;
				CLANG_WARN_SUSPICIOUS_MOVE = YES;
				CLANG_WARN_SUSPICIOUS_MOVES = YES;
				CLANG_WARN_UNREACHABLE_CODE = YES;
				CLANG_WARN__DUPLICATE_METHOD_MATCH = YES;
				"CODE_SIGN_IDENTITY[sdk=iphoneos*]" = "iPhone Developer";
				COPY_PHASE_STRIP = NO;
				DEBUG_INFORMATION_FORMAT = dwarf;
				ENABLE_STRICT_OBJC_MSGSEND = YES;
				ENABLE_TESTABILITY = YES;
				GCC_C_LANGUAGE_STANDARD = gnu99;
				GCC_DYNAMIC_NO_PIC = NO;
				GCC_NO_COMMON_BLOCKS = YES;
				GCC_OPTIMIZATION_LEVEL = 0;
				GCC_PREPROCESSOR_DEFINITIONS = (
					"DEBUG=1",
					"$(inherited)",
				);
				GCC_WARN_64_TO_32_BIT_CONVERSION = YES;
				GCC_WARN_ABOUT_RETURN_TYPE = YES_ERROR;
				GCC_WARN_UNDECLARED_SELECTOR = YES;
				GCC_WARN_UNINITIALIZED_AUTOS = YES_AGGRESSIVE;
				GCC_WARN_UNUSED_FUNCTION = YES;
				GCC_WARN_UNUSED_VARIABLE = YES;
				IPHONEOS_DEPLOYMENT_TARGET = 10.1;
				MTL_ENABLE_DEBUG_INFO = YES;
				ONLY_ACTIVE_ARCH = YES;
				SDKROOT = iphoneos;
			};
			name = Debug;
		};
		AA1EFB031DEBE4E6002183D2 /* Release */ = {
			isa = XCBuildConfiguration;
			buildSettings = {
				ALWAYS_SEARCH_USER_PATHS = NO;
				CLANG_ANALYZER_NONNULL = YES;
				CLANG_CXX_LANGUAGE_STANDARD = "gnu++0x";
				CLANG_CXX_LIBRARY = "libc++";
				CLANG_ENABLE_MODULES = YES;
				CLANG_ENABLE_OBJC_ARC = YES;
				CLANG_WARN_BOOL_CONVERSION = YES;
				CLANG_WARN_CONSTANT_CONVERSION = YES;
				CLANG_WARN_DIRECT_OBJC_ISA_USAGE = YES_ERROR;
				CLANG_WARN_DOCUMENTATION_COMMENTS = YES;
				CLANG_WARN_EMPTY_BODY = YES;
				CLANG_WARN_ENUM_CONVERSION = YES;
				CLANG_WARN_INFINITE_RECURSION = YES;
				CLANG_WARN_INT_CONVERSION = YES;
				CLANG_WARN_OBJC_ROOT_CLASS = YES_ERROR;
				CLANG_WARN_SUSPICIOUS_MOVE = YES;
				CLANG_WARN_SUSPICIOUS_MOVES = YES;
				CLANG_WARN_UNREACHABLE_CODE = YES;
				CLANG_WARN__DUPLICATE_METHOD_MATCH = YES;
				"CODE_SIGN_IDENTITY[sdk=iphoneos*]" = "iPhone Developer";
				COPY_PHASE_STRIP = NO;
				DEBUG_INFORMATION_FORMAT = "dwarf-with-dsym";
				ENABLE_NS_ASSERTIONS = NO;
				ENABLE_STRICT_OBJC_MSGSEND = YES;
				GCC_C_LANGUAGE_STANDARD = gnu99;
				GCC_NO_COMMON_BLOCKS = YES;
				GCC_WARN_64_TO_32_BIT_CONVERSION = YES;
				GCC_WARN_ABOUT_RETURN_TYPE = YES_ERROR;
				GCC_WARN_UNDECLARED_SELECTOR = YES;
				GCC_WARN_UNINITIALIZED_AUTOS = YES_AGGRESSIVE;
				GCC_WARN_UNUSED_FUNCTION = YES;
				GCC_WARN_UNUSED_VARIABLE = YES;
				IPHONEOS_DEPLOYMENT_TARGET = 10.1;
				MTL_ENABLE_DEBUG_INFO = NO;
				SDKROOT = iphoneos;
				VALIDATE_PRODUCT = YES;
			};
			name = Release;
		};
		AA1EFB051DEBE4E6002183D2 /* Debug */ = {
			isa = XCBuildConfiguration;
			baseConfigurationReference = 6B7CBD849F3533FF7B6FD88A /* Pods-AnonymousSocial.debug.xcconfig */;
			buildSettings = {
				ASSETCATALOG_COMPILER_APPICON_NAME = AppIcon;
				CODE_SIGN_ENTITLEMENTS = AnonymousSocial/AnonymousSocial.entitlements;
				"CODE_SIGN_IDENTITY[sdk=iphoneos*]" = "iPhone Developer";
				DEVELOPMENT_TEAM = NN7QXHC8A3;
				INFOPLIST_FILE = AnonymousSocial/Info.plist;
				IPHONEOS_DEPLOYMENT_TARGET = 10.1;
				LD_RUNPATH_SEARCH_PATHS = "$(inherited) @executable_path/Frameworks";
				PRODUCT_BUNDLE_IDENTIFIER = net.yagom.JustSettingTest;
				PRODUCT_NAME = "$(TARGET_NAME)";
			};
			name = Debug;
		};
		AA1EFB061DEBE4E6002183D2 /* Release */ = {
			isa = XCBuildConfiguration;
			baseConfigurationReference = EC7A886A7E98AB8525606FCB /* Pods-AnonymousSocial.release.xcconfig */;
			buildSettings = {
				ASSETCATALOG_COMPILER_APPICON_NAME = AppIcon;
				CODE_SIGN_ENTITLEMENTS = AnonymousSocial/AnonymousSocial.entitlements;
				"CODE_SIGN_IDENTITY[sdk=iphoneos*]" = "iPhone Developer";
				DEVELOPMENT_TEAM = NN7QXHC8A3;
				INFOPLIST_FILE = AnonymousSocial/Info.plist;
				IPHONEOS_DEPLOYMENT_TARGET = 10.1;
				LD_RUNPATH_SEARCH_PATHS = "$(inherited) @executable_path/Frameworks";
				PRODUCT_BUNDLE_IDENTIFIER = net.yagom.JustSettingTest;
				PRODUCT_NAME = "$(TARGET_NAME)";
			};
			name = Release;
		};
/* End XCBuildConfiguration section */

/* Begin XCConfigurationList section */
		AA1EFAE81DEBE4E5002183D2 /* Build configuration list for PBXProject "AnonymousSocial" */ = {
			isa = XCConfigurationList;
			buildConfigurations = (
				AA1EFB021DEBE4E6002183D2 /* Debug */,
				AA1EFB031DEBE4E6002183D2 /* Release */,
			);
			defaultConfigurationIsVisible = 0;
			defaultConfigurationName = Release;
		};
		AA1EFB041DEBE4E6002183D2 /* Build configuration list for PBXNativeTarget "AnonymousSocial" */ = {
			isa = XCConfigurationList;
			buildConfigurations = (
				AA1EFB051DEBE4E6002183D2 /* Debug */,
				AA1EFB061DEBE4E6002183D2 /* Release */,
			);
			defaultConfigurationIsVisible = 0;
			defaultConfigurationName = Release;
		};
/* End XCConfigurationList section */
	};
	rootObject = AA1EFAE51DEBE4E5002183D2 /* Project object */;
}
